
Microsoft Visual Studio Solution File, Format Version 12.00
# Visual Studio Version 16
VisualStudioVersion = 16.0.31025.194
MinimumVisualStudioVersion = 10.0.40219.1
Project("{2150E333-8FDC-42A3-9474-1A3956D46DE8}") = "Services", "Services", "{00F0E62E-3C3A-4688-BE8A-9253A00A9FA7}"
EndProject
Project("{2150E333-8FDC-42A3-9474-1A3956D46DE8}") = "Catalog", "Catalog", "{4D5E3678-C6D9-4062-939E-4203176D2AC0}"
EndProject
Project("{9A19103F-16F7-4668-BE54-9A1E7A4F7556}") = "Catalog.Api", "Catalog.Api\Catalog.Api.csproj", "{5486790B-4EEB-4CC2-BCD0-90871313B3D3}"
EndProject
Project("{2150E333-8FDC-42A3-9474-1A3956D46DE8}") = "Basket", "Basket", "{47565E51-4841-4E43-B428-2D8576381E71}"
EndProject
Project("{9A19103F-16F7-4668-BE54-9A1E7A4F7556}") = "Basket.Api", "Services\Basket\Basket.Api\Basket.Api.csproj", "{244CCE39-5CB8-41F6-8EB2-43CF9C4894E6}"
EndProject
Project("{E53339B2-1760-4266-BCC7-CA923CBCF16C}") = "docker-compose", "docker-compose.dcproj", "{25C56ABF-56F0-492E-BE33-E0F0421EC6D0}"
EndProject
Global
	GlobalSection(SolutionConfigurationPlatforms) = preSolution
		Debug|Any CPU = Debug|Any CPU
		Release|Any CPU = Release|Any CPU
	EndGlobalSection
	GlobalSection(ProjectConfigurationPlatforms) = postSolution
		{5486790B-4EEB-4CC2-BCD0-90871313B3D3}.Debug|Any CPU.ActiveCfg = Debug|Any CPU
		{5486790B-4EEB-4CC2-BCD0-90871313B3D3}.Debug|Any CPU.Build.0 = Debug|Any CPU
		{5486790B-4EEB-4CC2-BCD0-90871313B3D3}.Release|Any CPU.ActiveCfg = Release|Any CPU
		{5486790B-4EEB-4CC2-BCD0-90871313B3D3}.Release|Any CPU.Build.0 = Release|Any CPU
		{244CCE39-5CB8-41F6-8EB2-43CF9C4894E6}.Debug|Any CPU.ActiveCfg = Debug|Any CPU
		{244CCE39-5CB8-41F6-8EB2-43CF9C4894E6}.Debug|Any CPU.Build.0 = Debug|Any CPU
		{244CCE39-5CB8-41F6-8EB2-43CF9C4894E6}.Release|Any CPU.ActiveCfg = Release|Any CPU
		{244CCE39-5CB8-41F6-8EB2-43CF9C4894E6}.Release|Any CPU.Build.0 = Release|Any CPU
		{25C56ABF-56F0-492E-BE33-E0F0421EC6D0}.Debug|Any CPU.ActiveCfg = Debug|Any CPU
		{25C56ABF-56F0-492E-BE33-E0F0421EC6D0}.Debug|Any CPU.Build.0 = Debug|Any CPU
		{25C56ABF-56F0-492E-BE33-E0F0421EC6D0}.Release|Any CPU.ActiveCfg = Release|Any CPU
		{25C56ABF-56F0-492E-BE33-E0F0421EC6D0}.Release|Any CPU.Build.0 = Release|Any CPU
	EndGlobalSection
	GlobalSection(SolutionProperties) = preSolution
		HideSolutionNode = FALSE
	EndGlobalSection
	GlobalSection(NestedProjects) = preSolution
		{4D5E3678-C6D9-4062-939E-4203176D2AC0} = {00F0E62E-3C3A-4688-BE8A-9253A00A9FA7}
		{5486790B-4EEB-4CC2-BCD0-90871313B3D3} = {4D5E3678-C6D9-4062-939E-4203176D2AC0}
		{47565E51-4841-4E43-B428-2D8576381E71} = {00F0E62E-3C3A-4688-BE8A-9253A00A9FA7}
		{244CCE39-5CB8-41F6-8EB2-43CF9C4894E6} = {47565E51-4841-4E43-B428-2D8576381E71}
	EndGlobalSection
	GlobalSection(ExtensibilityGlobals) = postSolution
		SolutionGuid = {D6649CA2-00F3-483C-B915-696DD682A699}
	EndGlobalSection
EndGlobal
