
Microsoft Visual Studio Solution File, Format Version 12.00
# Visual Studio Version 17
VisualStudioVersion = 17.0.31815.197
MinimumVisualStudioVersion = 10.0.40219.1
Project("{2150E333-8FDC-42A3-9474-1A3956D46DE8}") = "Services", "Services", "{00F0E62E-3C3A-4688-BE8A-9253A00A9FA7}"
EndProject
Project("{2150E333-8FDC-42A3-9474-1A3956D46DE8}") = "Basket", "Basket", "{47565E51-4841-4E43-B428-2D8576381E71}"
EndProject
Project("{9A19103F-16F7-4668-BE54-9A1E7A4F7556}") = "Basket.Api", "Services\Basket\Basket.Api\Basket.Api.csproj", "{244CCE39-5CB8-41F6-8EB2-43CF9C4894E6}"
EndProject
Project("{2150E333-8FDC-42A3-9474-1A3956D46DE8}") = "Catalog", "Catalog", "{CB2C30C3-EE41-42DB-9DF2-63D81ED91FF1}"
EndProject
Project("{9A19103F-16F7-4668-BE54-9A1E7A4F7556}") = "Catalog.Api", "Services\Catalog\Catalog.Api\Catalog.Api.csproj", "{8B462259-2E8A-4093-AC05-6AB4E27B7264}"
EndProject
Project("{E53339B2-1760-4266-BCC7-CA923CBCF16C}") = "docker-compose", "docker-compose.dcproj", "{45C51B77-BA2F-4D4D-A49C-4E4062687E89}"
EndProject
Project("{2150E333-8FDC-42A3-9474-1A3956D46DE8}") = "Discount", "Discount", "{5B2ADA91-43BB-4BD9-9E81-1D7731FFA372}"
EndProject
Project("{9A19103F-16F7-4668-BE54-9A1E7A4F7556}") = "Discount.Api", "Services\Discount\Discount.Api\Discount.Api.csproj", "{D431A6B2-D0ED-4C08-86A9-E17889774303}"
EndProject
Project("{9A19103F-16F7-4668-BE54-9A1E7A4F7556}") = "Discount.Grpc", "Services\Discount\Discount.Grpc\Discount.Grpc.csproj", "{0277153B-D70F-4077-9412-751BD6910BD8}"
EndProject
Project("{2150E333-8FDC-42A3-9474-1A3956D46DE8}") = "Ordering", "Ordering", "{DEB17FCC-A4D9-477B-BB44-79870E367709}"
EndProject
Project("{9A19103F-16F7-4668-BE54-9A1E7A4F7556}") = "Ordering.Api", "Services\Ordering\Ordering.Api\Ordering.Api.csproj", "{865D8E30-038B-4453-B87F-65D6989FC435}"
EndProject
Project("{9A19103F-16F7-4668-BE54-9A1E7A4F7556}") = "Ordering.Domain", "Services\Ordering\Ordering.Domain\Ordering.Domain.csproj", "{E51BE4ED-2774-4745-BB4F-A01B778B1DAB}"
EndProject
Project("{9A19103F-16F7-4668-BE54-9A1E7A4F7556}") = "Ordering.Application", "Services\Ordering\Ordering.Application\Ordering.Application.csproj", "{7E59AE8C-EBB8-42E0-B7C2-EBE44AD0FE7E}"
EndProject
Project("{9A19103F-16F7-4668-BE54-9A1E7A4F7556}") = "Ordering.Infrastructure", "Services\Ordering\Ordering.Infrastructure\Ordering.Infrastructure.csproj", "{74A539E9-3CB6-4B15-88CF-02A292A0BEBF}"
EndProject
Project("{2150E333-8FDC-42A3-9474-1A3956D46DE8}") = "BuildingBlocks", "BuildingBlocks", "{36D41630-2B99-4266-83A3-DDA0FB1C913B}"
EndProject
Project("{FAE04EC0-301F-11D3-BF4B-00C04F79EFBC}") = "EventBus.Messages", "BuildingBlocks\EventBus.Messages\EventBus.Messages.csproj", "{EC2D5893-A148-4AFE-B6D4-7416A8943E64}"
EndProject
Project("{2150E333-8FDC-42A3-9474-1A3956D46DE8}") = "ApiGateways", "ApiGateways", "{FB7A9521-E6C1-4337-ADCA-74CDCC969992}"
EndProject
Project("{FAE04EC0-301F-11D3-BF4B-00C04F79EFBC}") = "OcelotApiGw", "ApiGateways\OcelotApiGw\OcelotApiGw.csproj", "{997638AC-FD61-42AC-A892-57106FB92713}"
EndProject
Project("{FAE04EC0-301F-11D3-BF4B-00C04F79EFBC}") = "Shopping.Aggregator", "ApiGateways\Shopping.Aggregator\Shopping.Aggregator.csproj", "{2BDBE1BC-0737-431F-B3F1-C4C379E449D2}"
EndProject
Project("{2150E333-8FDC-42A3-9474-1A3956D46DE8}") = "WebApps", "WebApps", "{4E0808F4-2B6B-4121-AB8E-39FF0F8E9FAA}"
EndProject
Project("{FAE04EC0-301F-11D3-BF4B-00C04F79EFBC}") = "AspnetRunBasics", "WebApps\AspnetRunBasics\AspnetRunBasics.csproj", "{C32C3AB6-A4F1-477D-B186-61440D68977D}"
EndProject
Global
	GlobalSection(SolutionConfigurationPlatforms) = preSolution
		Debug|Any CPU = Debug|Any CPU
		Release|Any CPU = Release|Any CPU
	EndGlobalSection
	GlobalSection(ProjectConfigurationPlatforms) = postSolution
		{244CCE39-5CB8-41F6-8EB2-43CF9C4894E6}.Debug|Any CPU.ActiveCfg = Debug|Any CPU
		{244CCE39-5CB8-41F6-8EB2-43CF9C4894E6}.Debug|Any CPU.Build.0 = Debug|Any CPU
		{244CCE39-5CB8-41F6-8EB2-43CF9C4894E6}.Release|Any CPU.ActiveCfg = Release|Any CPU
		{244CCE39-5CB8-41F6-8EB2-43CF9C4894E6}.Release|Any CPU.Build.0 = Release|Any CPU
		{8B462259-2E8A-4093-AC05-6AB4E27B7264}.Debug|Any CPU.ActiveCfg = Debug|Any CPU
		{8B462259-2E8A-4093-AC05-6AB4E27B7264}.Debug|Any CPU.Build.0 = Debug|Any CPU
		{8B462259-2E8A-4093-AC05-6AB4E27B7264}.Release|Any CPU.ActiveCfg = Release|Any CPU
		{8B462259-2E8A-4093-AC05-6AB4E27B7264}.Release|Any CPU.Build.0 = Release|Any CPU
		{45C51B77-BA2F-4D4D-A49C-4E4062687E89}.Debug|Any CPU.ActiveCfg = Debug|Any CPU
		{45C51B77-BA2F-4D4D-A49C-4E4062687E89}.Debug|Any CPU.Build.0 = Debug|Any CPU
		{45C51B77-BA2F-4D4D-A49C-4E4062687E89}.Release|Any CPU.ActiveCfg = Release|Any CPU
		{45C51B77-BA2F-4D4D-A49C-4E4062687E89}.Release|Any CPU.Build.0 = Release|Any CPU
		{D431A6B2-D0ED-4C08-86A9-E17889774303}.Debug|Any CPU.ActiveCfg = Debug|Any CPU
		{D431A6B2-D0ED-4C08-86A9-E17889774303}.Debug|Any CPU.Build.0 = Debug|Any CPU
		{D431A6B2-D0ED-4C08-86A9-E17889774303}.Release|Any CPU.ActiveCfg = Release|Any CPU
		{D431A6B2-D0ED-4C08-86A9-E17889774303}.Release|Any CPU.Build.0 = Release|Any CPU
		{0277153B-D70F-4077-9412-751BD6910BD8}.Debug|Any CPU.ActiveCfg = Debug|Any CPU
		{0277153B-D70F-4077-9412-751BD6910BD8}.Debug|Any CPU.Build.0 = Debug|Any CPU
		{0277153B-D70F-4077-9412-751BD6910BD8}.Release|Any CPU.ActiveCfg = Release|Any CPU
		{0277153B-D70F-4077-9412-751BD6910BD8}.Release|Any CPU.Build.0 = Release|Any CPU
		{865D8E30-038B-4453-B87F-65D6989FC435}.Debug|Any CPU.ActiveCfg = Debug|Any CPU
		{865D8E30-038B-4453-B87F-65D6989FC435}.Debug|Any CPU.Build.0 = Debug|Any CPU
		{865D8E30-038B-4453-B87F-65D6989FC435}.Release|Any CPU.ActiveCfg = Release|Any CPU
		{865D8E30-038B-4453-B87F-65D6989FC435}.Release|Any CPU.Build.0 = Release|Any CPU
		{E51BE4ED-2774-4745-BB4F-A01B778B1DAB}.Debug|Any CPU.ActiveCfg = Debug|Any CPU
		{E51BE4ED-2774-4745-BB4F-A01B778B1DAB}.Debug|Any CPU.Build.0 = Debug|Any CPU
		{E51BE4ED-2774-4745-BB4F-A01B778B1DAB}.Release|Any CPU.ActiveCfg = Release|Any CPU
		{E51BE4ED-2774-4745-BB4F-A01B778B1DAB}.Release|Any CPU.Build.0 = Release|Any CPU
		{7E59AE8C-EBB8-42E0-B7C2-EBE44AD0FE7E}.Debug|Any CPU.ActiveCfg = Debug|Any CPU
		{7E59AE8C-EBB8-42E0-B7C2-EBE44AD0FE7E}.Debug|Any CPU.Build.0 = Debug|Any CPU
		{7E59AE8C-EBB8-42E0-B7C2-EBE44AD0FE7E}.Release|Any CPU.ActiveCfg = Release|Any CPU
		{7E59AE8C-EBB8-42E0-B7C2-EBE44AD0FE7E}.Release|Any CPU.Build.0 = Release|Any CPU
		{74A539E9-3CB6-4B15-88CF-02A292A0BEBF}.Debug|Any CPU.ActiveCfg = Debug|Any CPU
		{74A539E9-3CB6-4B15-88CF-02A292A0BEBF}.Debug|Any CPU.Build.0 = Debug|Any CPU
		{74A539E9-3CB6-4B15-88CF-02A292A0BEBF}.Release|Any CPU.ActiveCfg = Release|Any CPU
		{74A539E9-3CB6-4B15-88CF-02A292A0BEBF}.Release|Any CPU.Build.0 = Release|Any CPU
		{EC2D5893-A148-4AFE-B6D4-7416A8943E64}.Debug|Any CPU.ActiveCfg = Debug|Any CPU
		{EC2D5893-A148-4AFE-B6D4-7416A8943E64}.Debug|Any CPU.Build.0 = Debug|Any CPU
		{EC2D5893-A148-4AFE-B6D4-7416A8943E64}.Release|Any CPU.ActiveCfg = Release|Any CPU
		{EC2D5893-A148-4AFE-B6D4-7416A8943E64}.Release|Any CPU.Build.0 = Release|Any CPU
		{997638AC-FD61-42AC-A892-57106FB92713}.Debug|Any CPU.ActiveCfg = Debug|Any CPU
		{997638AC-FD61-42AC-A892-57106FB92713}.Debug|Any CPU.Build.0 = Debug|Any CPU
		{997638AC-FD61-42AC-A892-57106FB92713}.Release|Any CPU.ActiveCfg = Release|Any CPU
		{997638AC-FD61-42AC-A892-57106FB92713}.Release|Any CPU.Build.0 = Release|Any CPU
		{2BDBE1BC-0737-431F-B3F1-C4C379E449D2}.Debug|Any CPU.ActiveCfg = Debug|Any CPU
		{2BDBE1BC-0737-431F-B3F1-C4C379E449D2}.Debug|Any CPU.Build.0 = Debug|Any CPU
		{2BDBE1BC-0737-431F-B3F1-C4C379E449D2}.Release|Any CPU.ActiveCfg = Release|Any CPU
		{2BDBE1BC-0737-431F-B3F1-C4C379E449D2}.Release|Any CPU.Build.0 = Release|Any CPU
		{C32C3AB6-A4F1-477D-B186-61440D68977D}.Debug|Any CPU.ActiveCfg = Debug|Any CPU
		{C32C3AB6-A4F1-477D-B186-61440D68977D}.Debug|Any CPU.Build.0 = Debug|Any CPU
		{C32C3AB6-A4F1-477D-B186-61440D68977D}.Release|Any CPU.ActiveCfg = Release|Any CPU
		{C32C3AB6-A4F1-477D-B186-61440D68977D}.Release|Any CPU.Build.0 = Release|Any CPU
	EndGlobalSection
	GlobalSection(SolutionProperties) = preSolution
		HideSolutionNode = FALSE
	EndGlobalSection
	GlobalSection(NestedProjects) = preSolution
		{47565E51-4841-4E43-B428-2D8576381E71} = {00F0E62E-3C3A-4688-BE8A-9253A00A9FA7}
		{244CCE39-5CB8-41F6-8EB2-43CF9C4894E6} = {47565E51-4841-4E43-B428-2D8576381E71}
		{CB2C30C3-EE41-42DB-9DF2-63D81ED91FF1} = {00F0E62E-3C3A-4688-BE8A-9253A00A9FA7}
		{8B462259-2E8A-4093-AC05-6AB4E27B7264} = {CB2C30C3-EE41-42DB-9DF2-63D81ED91FF1}
		{5B2ADA91-43BB-4BD9-9E81-1D7731FFA372} = {00F0E62E-3C3A-4688-BE8A-9253A00A9FA7}
		{D431A6B2-D0ED-4C08-86A9-E17889774303} = {5B2ADA91-43BB-4BD9-9E81-1D7731FFA372}
		{0277153B-D70F-4077-9412-751BD6910BD8} = {5B2ADA91-43BB-4BD9-9E81-1D7731FFA372}
		{DEB17FCC-A4D9-477B-BB44-79870E367709} = {00F0E62E-3C3A-4688-BE8A-9253A00A9FA7}
		{865D8E30-038B-4453-B87F-65D6989FC435} = {DEB17FCC-A4D9-477B-BB44-79870E367709}
		{E51BE4ED-2774-4745-BB4F-A01B778B1DAB} = {DEB17FCC-A4D9-477B-BB44-79870E367709}
		{7E59AE8C-EBB8-42E0-B7C2-EBE44AD0FE7E} = {DEB17FCC-A4D9-477B-BB44-79870E367709}
		{74A539E9-3CB6-4B15-88CF-02A292A0BEBF} = {DEB17FCC-A4D9-477B-BB44-79870E367709}
		{EC2D5893-A148-4AFE-B6D4-7416A8943E64} = {36D41630-2B99-4266-83A3-DDA0FB1C913B}
		{997638AC-FD61-42AC-A892-57106FB92713} = {FB7A9521-E6C1-4337-ADCA-74CDCC969992}
		{2BDBE1BC-0737-431F-B3F1-C4C379E449D2} = {FB7A9521-E6C1-4337-ADCA-74CDCC969992}
		{C32C3AB6-A4F1-477D-B186-61440D68977D} = {4E0808F4-2B6B-4121-AB8E-39FF0F8E9FAA}
	EndGlobalSection
	GlobalSection(ExtensibilityGlobals) = postSolution
		SolutionGuid = {D6649CA2-00F3-483C-B915-696DD682A699}
	EndGlobalSection
EndGlobal
